
Microsoft Visual Studio Solution File, Format Version 12.00
# Visual Studio Version 17
VisualStudioVersion = 17.8.34511.84
MinimumVisualStudioVersion = 10.0.40219.1
Project("{FAE04EC0-301F-11D3-BF4B-00C04F79EFBC}") = "ToDoList", "ToDoList\ToDoList.csproj", "{C6FE2FE8-213C-44C3-94A8-CDA062D1C3C0}"
EndProject
Global
	GlobalSection(SolutionConfigurationPlatforms) = preSolution
		Debug|Any CPU = Debug|Any CPU
		Release|Any CPU = Release|Any CPU
	EndGlobalSection
	GlobalSection(ProjectConfigurationPlatforms) = postSolution
		{C6FE2FE8-213C-44C3-94A8-CDA062D1C3C0}.Debug|Any CPU.ActiveCfg = Debug|Any CPU
		{C6FE2FE8-213C-44C3-94A8-CDA062D1C3C0}.Debug|Any CPU.Build.0 = Debug|Any CPU
		{C6FE2FE8-213C-44C3-94A8-CDA062D1C3C0}.Release|Any CPU.ActiveCfg = Release|Any CPU
		{C6FE2FE8-213C-44C3-94A8-CDA062D1C3C0}.Release|Any CPU.Build.0 = Release|Any CPU
	EndGlobalSection
	GlobalSection(SolutionProperties) = preSolution
		HideSolutionNode = FALSE
	EndGlobalSection
	GlobalSection(ExtensibilityGlobals) = postSolution
		SolutionGuid = {EE5E2527-00A0-4709-BFCC-4FD2B4E38680}
	EndGlobalSection
EndGlobal
